{
  "requires": true,
  "lockfileVersion": 1,
  "dependencies": {
    "@angular/material": {
      "version": "7.3.6",
      "resolved": "https://registry.npmjs.org/@angular/material/-/material-7.3.6.tgz",
      "integrity": "sha512-yRQlB0+KO0BilpK9Eg8Sv+T1hJZEWgQ2YGTxnIsgc6DhYM/IHk165iN5KMj3MBJq425z16xEEP6GqDzjTwp+pA==",
      "requires": {
        "tslib": "1.9.3"
      }
    },
    "tslib": {
      "version": "1.9.3",
      "resolved": "https://registry.npmjs.org/tslib/-/tslib-1.9.3.tgz",
      "integrity": "sha512-4krF8scpejhaOgqzBEcGM7yDIEfi0/8+8zDRZhNZZ2kjmHJ4hv3zCbQWxoJGz1iw5U0Jl0nma13xzHXcncMavQ=="
    }
  }
}
